
Microsoft Visual Studio Solution File, Format Version 12.00
# Visual Studio Version 17
VisualStudioVersion = 17.2.32630.192
MinimumVisualStudioVersion = 10.0.40219.1
Project("{9A19103F-16F7-4668-BE54-9A1E7A4F7556}") = "R5T.T0247.Construction", "R5T.T0247.Construction\R5T.T0247.Construction.csproj", "{163917CD-47FE-48FA-93FB-D00145BA81CC}"
EndProject
Project("{9A19103F-16F7-4668-BE54-9A1E7A4F7556}") = "R5T.T0247", "R5T.T0247\R5T.T0247.csproj", "{42538E21-6FE7-4ED5-AC27-1B6942F183AE}"
EndProject
Global
	GlobalSection(SolutionConfigurationPlatforms) = preSolution
		Debug|Any CPU = Debug|Any CPU
		Release|Any CPU = Release|Any CPU
	EndGlobalSection
	GlobalSection(ProjectConfigurationPlatforms) = postSolution
		{163917CD-47FE-48FA-93FB-D00145BA81CC}.Debug|Any CPU.ActiveCfg = Debug|Any CPU
		{163917CD-47FE-48FA-93FB-D00145BA81CC}.Debug|Any CPU.Build.0 = Debug|Any CPU
		{163917CD-47FE-48FA-93FB-D00145BA81CC}.Release|Any CPU.ActiveCfg = Release|Any CPU
		{163917CD-47FE-48FA-93FB-D00145BA81CC}.Release|Any CPU.Build.0 = Release|Any CPU
		{42538E21-6FE7-4ED5-AC27-1B6942F183AE}.Debug|Any CPU.ActiveCfg = Debug|Any CPU
		{42538E21-6FE7-4ED5-AC27-1B6942F183AE}.Debug|Any CPU.Build.0 = Debug|Any CPU
		{42538E21-6FE7-4ED5-AC27-1B6942F183AE}.Release|Any CPU.ActiveCfg = Release|Any CPU
		{42538E21-6FE7-4ED5-AC27-1B6942F183AE}.Release|Any CPU.Build.0 = Release|Any CPU
	EndGlobalSection
	GlobalSection(SolutionProperties) = preSolution
		HideSolutionNode = FALSE
	EndGlobalSection
	GlobalSection(ExtensibilityGlobals) = postSolution
		SolutionGuid = {25FF5617-4214-48C9-B40D-B59CD1678DF7}
	EndGlobalSection
EndGlobal
